
Microsoft Visual Studio Solution File, Format Version 12.00
# Visual Studio Version 17
VisualStudioVersion = 17.1.32328.378
MinimumVisualStudioVersion = 10.0.40219.1
Project("{FAE04EC0-301F-11D3-BF4B-00C04F79EFBC}") = "BDkursa4", "BD\BDkursa4.csproj", "{267E3441-A907-47F8-8920-F5DC1A8FE0A6}"
EndProject
Global
	GlobalSection(SolutionConfigurationPlatforms) = preSolution
		Debug|Any CPU = Debug|Any CPU
		Release|Any CPU = Release|Any CPU
	EndGlobalSection
	GlobalSection(ProjectConfigurationPlatforms) = postSolution
		{267E3441-A907-47F8-8920-F5DC1A8FE0A6}.Debug|Any CPU.ActiveCfg = Debug|Any CPU
		{267E3441-A907-47F8-8920-F5DC1A8FE0A6}.Debug|Any CPU.Build.0 = Debug|Any CPU
		{267E3441-A907-47F8-8920-F5DC1A8FE0A6}.Release|Any CPU.ActiveCfg = Release|Any CPU
		{267E3441-A907-47F8-8920-F5DC1A8FE0A6}.Release|Any CPU.Build.0 = Release|Any CPU
	EndGlobalSection
	GlobalSection(SolutionProperties) = preSolution
		HideSolutionNode = FALSE
	EndGlobalSection
	GlobalSection(ExtensibilityGlobals) = postSolution
		SolutionGuid = {CF1B5FD0-9BD3-462C-81FF-98E9655DE382}
	EndGlobalSection
EndGlobal
